<?xml version="1.0" encoding="utf-8"?>
<Project ToolsVersion="4.0" xmlns="http://schemas.microsoft.com/developer/msbuild/2003">
  <ItemGroup>
    <ClCompile Include="ConfirmPage.cpp">
      <Filter>Sources</Filter>
    </ClCompile>
    <ClCompile Include="FinishPage.cpp">
      <Filter>Sources</Filter>
    </ClCompile>
    <ClCompile Include="SilentUninstaller.cpp">
      <Filter>Sources</Filter>
    </ClCompile>
    <ClCompile Include="SilentUninstallerDlg.cpp">
      <Filter>Sources</Filter>
    </ClCompile>
    <ClCompile Include="stdafx.cpp">
      <Filter>Sources</Filter>
    </ClCompile>
    <ClCompile Include="VirtualDesktop.cpp">
      <Filter>Sources</Filter>
    </ClCompile>
    <ClCompile Include="WelcomePage.cpp">
      <Filter>Sources</Filter>
    </ClCompile>
    <ClCompile Include="WindowFinder.cpp">
      <Filter>Sources</Filter>
    </ClCompile>
    <ClCompile Include="WizardPage.cpp">
      <Filter>Sources</Filter>
    </ClCompile>
    <ClCompile Include="BaiduYun.cpp">
      <Filter>Uninstallers</Filter>
    </ClCompile>
    <ClCompile Include="ProcessUtils.cpp">
      <Filter>Utils</Filter>
    </ClCompile>
    <ClCompile Include="RegistryUtils.cpp">
      <Filter>Utils</Filter>
    </ClCompile>
    <ClCompile Include="Uninstaller.cpp">
      <Filter>Uninstallers</Filter>
    </ClCompile>
    <ClCompile Include="FileUtils.cpp">
      <Filter>Utils</Filter>
    </ClCompile>
  </ItemGroup>
  <ItemGroup>
    <ClInclude Include="ConfirmPage.h">
      <Filter>Headers</Filter>
    </ClInclude>
    <ClInclude Include="FinishPage.h">
      <Filter>Headers</Filter>
    </ClInclude>
    <ClInclude Include="Resource.h">
      <Filter>Headers</Filter>
    </ClInclude>
    <ClInclude Include="SilentUninstaller.h">
      <Filter>Headers</Filter>
    </ClInclude>
    <ClInclude Include="SilentUninstallerDlg.h">
      <Filter>Headers</Filter>
    </ClInclude>
    <ClInclude Include="stdafx.h">
      <Filter>Headers</Filter>
    </ClInclude>
    <ClInclude Include="targetver.h">
      <Filter>Headers</Filter>
    </ClInclude>
    <ClInclude Include="VirtualDesktop.h">
      <Filter>Headers</Filter>
    </ClInclude>
    <ClInclude Include="WelcomePage.h">
      <Filter>Headers</Filter>
    </ClInclude>
    <ClInclude Include="WindowFinder.h">
      <Filter>Headers</Filter>
    </ClInclude>
    <ClInclude Include="WizardPage.h">
      <Filter>Headers</Filter>
    </ClInclude>
    <ClInclude Include="BaiduYun.h">
      <Filter>Uninstallers</Filter>
    </ClInclude>
    <ClInclude Include="FileUtils.h">
      <Filter>Utils</Filter>
    </ClInclude>
    <ClInclude Include="ProcessUtils.h">
      <Filter>Utils</Filter>
    </ClInclude>
    <ClInclude Include="RegistryUtils.h">
      <Filter>Utils</Filter>
    </ClInclude>
    <ClInclude Include="Uninstaller.h">
      <Filter>Uninstallers</Filter>
    </ClInclude>
  </ItemGroup>
  <ItemGroup>
    <None Include="ReadMe.txt" />
    <None Include="res\SilentUninstaller.ico">
      <Filter>Resources</Filter>
    </None>
    <None Include="res\SilentUninstaller.rc2">
      <Filter>Resources</Filter>
    </None>
  </ItemGroup>
  <ItemGroup>
    <Filter Include="Headers">
      <UniqueIdentifier>{5ef49370-69d6-4933-901c-99beee7c3c52}</UniqueIdentifier>
    </Filter>
    <Filter Include="Sources">
      <UniqueIdentifier>{47a9fff6-64df-4350-8b89-f534e3056ba7}</UniqueIdentifier>
    </Filter>
    <Filter Include="Resources">
      <UniqueIdentifier>{165db084-14e1-4c67-ba54-3644718c1b8a}</UniqueIdentifier>
    </Filter>
    <Filter Include="Uninstallers">
      <UniqueIdentifier>{d851979c-b98e-43f4-8737-cdd3eaf9e90b}</UniqueIdentifier>
    </Filter>
    <Filter Include="Utils">
      <UniqueIdentifier>{ce3dbb78-e805-4db5-8725-7672db986723}</UniqueIdentifier>
    </Filter>
  </ItemGroup>
  <ItemGroup>
    <ResourceCompile Include="SilentUninstaller.rc">
      <Filter>Resources</Filter>
    </ResourceCompile>
  </ItemGroup>
</Project>