<?xml version="1.0" encoding="utf-8"?>
<Project ToolsVersion="4.0" xmlns="http://schemas.microsoft.com/developer/msbuild/2003">
  <ItemGroup>
    <Filter Include="Resource Files">
      <UniqueIdentifier>{67DA6AB6-F800-4c08-8B7A-83BB121AAD01}</UniqueIdentifier>
      <Extensions>rc;ico;cur;bmp;dlg;rc2;rct;bin;rgs;gif;jpg;jpeg;jpe;resx;tiff;tif;png;wav;mfcribbon-ms</Extensions>
    </Filter>
    <Filter Include="Installers">
      <UniqueIdentifier>{cbcced8a-3c55-489d-af54-f4f3e279db05}</UniqueIdentifier>
    </Filter>
    <Filter Include="Headers">
      <UniqueIdentifier>{93995380-89BD-4b04-88EB-625FBE52EBFB}</UniqueIdentifier>
      <Extensions>h;hpp;hxx;hm;inl;inc;xsd</Extensions>
    </Filter>
    <Filter Include="Sources">
      <UniqueIdentifier>{4FC737F1-C7A5-4376-A066-2A32D752A2FF}</UniqueIdentifier>
      <Extensions>cpp;c;cc;cxx;def;odl;idl;hpj;bat;asm;asmx</Extensions>
    </Filter>
  </ItemGroup>
  <ItemGroup>
    <None Include="ReadMe.txt" />
    <None Include="res\SilentInstaller.rc2">
      <Filter>Resource Files</Filter>
    </None>
    <None Include="res\SilentInstaller.ico">
      <Filter>Resource Files</Filter>
    </None>
  </ItemGroup>
  <ItemGroup>
    <ClInclude Include="SilentInstaller.h">
      <Filter>Headers</Filter>
    </ClInclude>
    <ClInclude Include="stdafx.h">
      <Filter>Headers</Filter>
    </ClInclude>
    <ClInclude Include="targetver.h">
      <Filter>Headers</Filter>
    </ClInclude>
    <ClInclude Include="Resource.h">
      <Filter>Headers</Filter>
    </ClInclude>
    <ClInclude Include="WelcomePage.h">
      <Filter>Headers</Filter>
    </ClInclude>
    <ClInclude Include="SettingPage.h">
      <Filter>Headers</Filter>
    </ClInclude>
    <ClInclude Include="FinishPage.h">
      <Filter>Headers</Filter>
    </ClInclude>
    <ClInclude Include="SilentInstallerDlg.h">
      <Filter>Headers</Filter>
    </ClInclude>
    <ClInclude Include="VirtualDesktop.h">
      <Filter>Headers</Filter>
    </ClInclude>
    <ClInclude Include="WindowFinder.h">
      <Filter>Headers</Filter>
    </ClInclude>
    <ClInclude Include="Installer.h">
      <Filter>Installers</Filter>
    </ClInclude>
    <ClInclude Include="BaiduYun.h">
      <Filter>Installers</Filter>
    </ClInclude>
    <ClInclude Include="SelectModePage.h">
      <Filter>Headers</Filter>
    </ClInclude>
    <ClInclude Include="InstallingPage.h">
      <Filter>Headers</Filter>
    </ClInclude>
    <ClInclude Include="ConfirmPage.h">
      <Filter>Headers</Filter>
    </ClInclude>
    <ClInclude Include="WizardPage.h">
      <Filter>Headers</Filter>
    </ClInclude>
  </ItemGroup>
  <ItemGroup>
    <ClCompile Include="SilentInstaller.cpp">
      <Filter>Sources</Filter>
    </ClCompile>
    <ClCompile Include="stdafx.cpp">
      <Filter>Sources</Filter>
    </ClCompile>
    <ClCompile Include="WelcomePage.cpp">
      <Filter>Sources</Filter>
    </ClCompile>
    <ClCompile Include="SettingPage.cpp">
      <Filter>Sources</Filter>
    </ClCompile>
    <ClCompile Include="FinishPage.cpp">
      <Filter>Sources</Filter>
    </ClCompile>
    <ClCompile Include="SilentInstallerDlg.cpp">
      <Filter>Sources</Filter>
    </ClCompile>
    <ClCompile Include="VirtualDesktop.cpp">
      <Filter>Sources</Filter>
    </ClCompile>
    <ClCompile Include="WindowFinder.cpp">
      <Filter>Sources</Filter>
    </ClCompile>
    <ClCompile Include="Installer.cpp">
      <Filter>Installers</Filter>
    </ClCompile>
    <ClCompile Include="BaiduYun.cpp">
      <Filter>Installers</Filter>
    </ClCompile>
    <ClCompile Include="SelectModePage.cpp">
      <Filter>Sources</Filter>
    </ClCompile>
    <ClCompile Include="InstallingPage.cpp">
      <Filter>Sources</Filter>
    </ClCompile>
    <ClCompile Include="ConfirmPage.cpp">
      <Filter>Sources</Filter>
    </ClCompile>
    <ClCompile Include="WizardPage.cpp">
      <Filter>Sources</Filter>
    </ClCompile>
  </ItemGroup>
  <ItemGroup>
    <ResourceCompile Include="SilentInstaller.rc">
      <Filter>Resource Files</Filter>
    </ResourceCompile>
  </ItemGroup>
</Project>